// !$*UTF8*$!
{
	archiveVersion = 1;
	classes = {
	};
	objectVersion = 46;
	objects = {

/* Begin PBXBuildFile section */
		27D606841D6B5331000E69D4 /* AppDelegate.swift in Sources */ = {isa = PBXBuildFile; fileRef = 27D606831D6B5331000E69D4 /* AppDelegate.swift */; };
		27D606861D6B5331000E69D4 /* ViewController.swift in Sources */ = {isa = PBXBuildFile; fileRef = 27D606851D6B5331000E69D4 /* ViewController.swift */; };
		27D606891D6B5331000E69D4 /* Main.storyboard in Resources */ = {isa = PBXBuildFile; fileRef = 27D606871D6B5331000E69D4 /* Main.storyboard */; };
		27D6068B1D6B5331000E69D4 /* Assets.xcassets in Resources */ = {isa = PBXBuildFile; fileRef = 27D6068A1D6B5331000E69D4 /* Assets.xcassets */; };
		27D6068E1D6B5331000E69D4 /* LaunchScreen.storyboard in Resources */ = {isa = PBXBuildFile; fileRef = 27D6068C1D6B5331000E69D4 /* LaunchScreen.storyboard */; };
		27D606991D6B5331000E69D4 /* HelloWorldTests.swift in Sources */ = {isa = PBXBuildFile; fileRef = 27D606981D6B5331000E69D4 /* HelloWorldTests.swift */; };
		27D606A41D6B5331000E69D4 /* HelloWorldUITests.swift in Sources */ = {isa = PBXBuildFile; fileRef = 27D606A31D6B5331000E69D4 /* HelloWorldUITests.swift */; };
/* End PBXBuildFile section */

/* Begin PBXContainerItemProxy section */
		27D606951D6B5331000E69D4 /* PBXContainerItemProxy */ = {
			isa = PBXContainerItemProxy;
			containerPortal = 27D606781D6B5330000E69D4 /* Project object */;
			proxyType = 1;
			remoteGlobalIDString = 27D6067F1D6B5330000E69D4;
			remoteInfo = HelloWorld;
		};
		27D606A01D6B5331000E69D4 /* PBXContainerItemProxy */ = {
			isa = PBXContainerItemProxy;
			containerPortal = 27D606781D6B5330000E69D4 /* Project object */;
			proxyType = 1;
			remoteGlobalIDString = 27D6067F1D6B5330000E69D4;
			remoteInfo = HelloWorld;
		};
/* End PBXContainerItemProxy section */

/* Begin PBXFileReference section */
		27D606801D6B5331000E69D4 /* HelloWorld.app */ = {isa = PBXFileReference; explicitFileType = wrapper.application; includeInIndex = 0; path = HelloWorld.app; sourceTree = BUILT_PRODUCTS_DIR; };
		27D606831D6B5331000E69D4 /* AppDelegate.swift */ = {isa = PBXFileReference; lastKnownFileType = sourcecode.swift; path = AppDelegate.swift; sourceTree = "<group>"; };
		27D606851D6B5331000E69D4 /* ViewController.swift */ = {isa = PBXFileReference; lastKnownFileType = sourcecode.swift; path = ViewController.swift; sourceTree = "<group>"; };
		27D606881D6B5331000E69D4 /* Base */ = {isa = PBXFileReference; lastKnownFileType = file.storyboard; name = Base; path = Base.lproj/Main.storyboard; sourceTree = "<group>"; };
		27D6068A1D6B5331000E69D4 /* Assets.xcassets */ = {isa = PBXFileReference; lastKnownFileType = folder.assetcatalog; path = Assets.xcassets; sourceTree = "<group>"; };
		27D6068D1D6B5331000E69D4 /* Base */ = {isa = PBXFileReference; lastKnownFileType = file.storyboard; name = Base; path = Base.lproj/LaunchScreen.storyboard; sourceTree = "<group>"; };
		27D6068F1D6B5331000E69D4 /* Info.plist */ = {isa = PBXFileReference; lastKnownFileType = text.plist.xml; path = Info.plist; sourceTree = "<group>"; };
		27D606941D6B5331000E69D4 /* HelloWorldTests.xctest */ = {isa = PBXFileReference; explicitFileType = wrapper.cfbundle; includeInIndex = 0; path = HelloWorldTests.xctest; sourceTree = BUILT_PRODUCTS_DIR; };
		27D606981D6B5331000E69D4 /* HelloWorldTests.swift */ = {isa = PBXFileReference; lastKnownFileType = sourcecode.swift; path = HelloWorldTests.swift; sourceTree = "<group>"; };
		27D6069A1D6B5331000E69D4 /* Info.plist */ = {isa = PBXFileReference; lastKnownFileType = text.plist.xml; path = Info.plist; sourceTree = "<group>"; };
		27D6069F1D6B5331000E69D4 /* HelloWorldUITests.xctest */ = {isa = PBXFileReference; explicitFileType = wrapper.cfbundle; includeInIndex = 0; path = HelloWorldUITests.xctest; sourceTree = BUILT_PRODUCTS_DIR; };
		27D606A31D6B5331000E69D4 /* HelloWorldUITests.swift */ = {isa = PBXFileReference; lastKnownFileType = sourcecode.swift; path = HelloWorldUITests.swift; sourceTree = "<group>"; };
		27D606A51D6B5331000E69D4 /* Info.plist */ = {isa = PBXFileReference; lastKnownFileType = text.plist.xml; path = Info.plist; sourceTree = "<group>"; };
/* End PBXFileReference section */

/* Begin PBXFrameworksBuildPhase section */
		27D6067D1D6B5330000E69D4 /* Frameworks */ = {
			isa = PBXFrameworksBuildPhase;
			buildActionMask = 2147483647;
			files = (
			);
			runOnlyForDeploymentPostprocessing = 0;
		};
		27D606911D6B5331000E69D4 /* Frameworks */ = {
			isa = PBXFrameworksBuildPhase;
			buildActionMask = 2147483647;
			files = (
			);
			runOnlyForDeploymentPostprocessing = 0;
		};
		27D6069C1D6B5331000E69D4 /* Frameworks */ = {
			isa = PBXFrameworksBuildPhase;
			buildActionMask = 2147483647;
			files = (
			);
			runOnlyForDeploymentPostprocessing = 0;
		};
/* End PBXFrameworksBuildPhase section */

/* Begin PBXGroup section */
		27D606771D6B5330000E69D4 = {
			isa = PBXGroup;
			children = (
				27D606821D6B5331000E69D4 /* HelloWorld */,
				27D606971D6B5331000E69D4 /* HelloWorldTests */,
				27D606A21D6B5331000E69D4 /* HelloWorldUITests */,
				27D606811D6B5331000E69D4 /* Products */,
			);
			sourceTree = "<group>";
		};
		27D606811D6B5331000E69D4 /* Products */ = {
			isa = PBXGroup;
			children = (
				27D606801D6B5331000E69D4 /* HelloWorld.app */,
				27D606941D6B5331000E69D4 /* HelloWorldTests.xctest */,
				27D6069F1D6B5331000E69D4 /* HelloWorldUITests.xctest */,
			);
			name = Products;
			sourceTree = "<group>";
		};
		27D606821D6B5331000E69D4 /* HelloWorld */ = {
			isa = PBXGroup;
			children = (
				27D606831D6B5331000E69D4 /* AppDelegate.swift */,
				27D606851D6B5331000E69D4 /* ViewController.swift */,
				27D606871D6B5331000E69D4 /* Main.storyboard */,
				27D6068A1D6B5331000E69D4 /* Assets.xcassets */,
				27D6068C1D6B5331000E69D4 /* LaunchScreen.storyboard */,
				27D6068F1D6B5331000E69D4 /* Info.plist */,
			);
			path = HelloWorld;
			sourceTree = "<group>";
		};
		27D606971D6B5331000E69D4 /* HelloWorldTests */ = {
			isa = PBXGroup;
			children = (
				27D606981D6B5331000E69D4 /* HelloWorldTests.swift */,
				27D6069A1D6B5331000E69D4 /* Info.plist */,
			);
			path = HelloWorldTests;
			sourceTree = "<group>";
		};
		27D606A21D6B5331000E69D4 /* HelloWorldUITests */ = {
			isa = PBXGroup;
			children = (
				27D606A31D6B5331000E69D4 /* HelloWorldUITests.swift */,
				27D606A51D6B5331000E69D4 /* Info.plist */,
			);
			path = HelloWorldUITests;
			sourceTree = "<group>";
		};
/* End PBXGroup section */

/* Begin PBXNativeTarget section */
		27D6067F1D6B5330000E69D4 /* HelloWorld */ = {
			isa = PBXNativeTarget;
			buildConfigurationList = 27D606A81D6B5331000E69D4 /* Build configuration list for PBXNativeTarget "HelloWorld" */;
			buildPhases = (
				27D6067C1D6B5330000E69D4 /* Sources */,
				27D6067D1D6B5330000E69D4 /* Frameworks */,
				27D6067E1D6B5330000E69D4 /* Resources */,
			);
			buildRules = (
			);
			dependencies = (
			);
			name = HelloWorld;
			productName = HelloWorld;
			productReference = 27D606801D6B5331000E69D4 /* HelloWorld.app */;
			productType = "com.apple.product-type.application";
		};
		27D606931D6B5331000E69D4 /* HelloWorldTests */ = {
			isa = PBXNativeTarget;
			buildConfigurationList = 27D606AB1D6B5331000E69D4 /* Build configuration list for PBXNativeTarget "HelloWorldTests" */;
			buildPhases = (
				27D606901D6B5331000E69D4 /* Sources */,
				27D606911D6B5331000E69D4 /* Frameworks */,
				27D606921D6B5331000E69D4 /* Resources */,
			);
			buildRules = (
			);
			dependencies = (
				27D606961D6B5331000E69D4 /* PBXTargetDependency */,
			);
			name = HelloWorldTests;
			productName = HelloWorldTests;
			productReference = 27D606941D6B5331000E69D4 /* HelloWorldTests.xctest */;
			productType = "com.apple.product-type.bundle.unit-test";
		};
		27D6069E1D6B5331000E69D4 /* HelloWorldUITests */ = {
			isa = PBXNativeTarget;
			buildConfigurationList = 27D606AE1D6B5331000E69D4 /* Build configuration list for PBXNativeTarget "HelloWorldUITests" */;
			buildPhases = (
				27D6069B1D6B5331000E69D4 /* Sources */,
				27D6069C1D6B5331000E69D4 /* Frameworks */,
				27D6069D1D6B5331000E69D4 /* Resources */,
			);
			buildRules = (
			);
			dependencies = (
				27D606A11D6B5331000E69D4 /* PBXTargetDependency */,
			);
			name = HelloWorldUITests;
			productName = HelloWorldUITests;
			productReference = 27D6069F1D6B5331000E69D4 /* HelloWorldUITests.xctest */;
			productType = "com.apple.product-type.bundle.ui-testing";
		};
/* End PBXNativeTarget section */

/* Begin PBXProject section */
		27D606781D6B5330000E69D4 /* Project object */ = {
			isa = PBXProject;
			attributes = {
				LastSwiftUpdateCheck = 0800;
				LastUpgradeCheck = 0800;
				ORGANIZATIONNAME = msse650;
				TargetAttributes = {
					27D6067F1D6B5330000E69D4 = {
						CreatedOnToolsVersion = 8.0;
						ProvisioningStyle = Automatic;
					};
					27D606931D6B5331000E69D4 = {
						CreatedOnToolsVersion = 8.0;
						ProvisioningStyle = Automatic;
						TestTargetID = 27D6067F1D6B5330000E69D4;
					};
					27D6069E1D6B5331000E69D4 = {
						CreatedOnToolsVersion = 8.0;
						ProvisioningStyle = Automatic;
						TestTargetID = 27D6067F1D6B5330000E69D4;
					};
				};
			};
			buildConfigurationList = 27D6067B1D6B5330000E69D4 /* Build configuration list for PBXProject "HelloWorld" */;
			compatibilityVersion = "Xcode 3.2";
			developmentRegion = English;
			hasScannedForEncodings = 0;
			knownRegions = (
				en,
				Base,
			);
			mainGroup = 27D606771D6B5330000E69D4;
			productRefGroup = 27D606811D6B5331000E69D4 /* Products */;
			projectDirPath = "";
			projectRoot = "";
			targets = (
				27D6067F1D6B5330000E69D4 /* HelloWorld */,
				27D606931D6B5331000E69D4 /* HelloWorldTests */,
				27D6069E1D6B5331000E69D4 /* HelloWorldUITests */,
			);
		};
/* End PBXProject section */

/* Begin PBXResourcesBuildPhase section */
		27D6067E1D6B5330000E69D4 /* Resources */ = {
			isa = PBXResourcesBuildPhase;
			buildActionMask = 2147483647;
			files = (
				27D6068E1D6B5331000E69D4 /* LaunchScreen.storyboard in Resources */,
				27D6068B1D6B5331000E69D4 /* Assets.xcassets in Resources */,
				27D606891D6B5331000E69D4 /* Main.storyboard in Resources */,
			);
			runOnlyForDeploymentPostprocessing = 0;
		};
		27D606921D6B5331000E69D4 /* Resources */ = {
			isa = PBXResourcesBuildPhase;
			buildActionMask = 2147483647;
			files = (
			);
			runOnlyForDeploymentPostprocessing = 0;
		};
		27D6069D1D6B5331000E69D4 /* Resources */ = {
			isa = PBXResourcesBuildPhase;
			buildActionMask = 2147483647;
			files = (
			);
			runOnlyForDeploymentPostprocessing = 0;
		};
/* End PBXResourcesBuildPhase section */

/* Begin PBXSourcesBuildPhase section */
		27D6067C1D6B5330000E69D4 /* Sources */ = {
			isa = PBXSourcesBuildPhase;
			buildActionMask = 2147483647;
			files = (
				27D606861D6B5331000E69D4 /* ViewController.swift in Sources */,
				27D606841D6B5331000E69D4 /* AppDelegate.swift in Sources */,
			);
			runOnlyForDeploymentPostprocessing = 0;
		};
		27D606901D6B5331000E69D4 /* Sources */ = {
			isa = PBXSourcesBuildPhase;
			buildActionMask = 2147483647;
			files = (
				27D606991D6B5331000E69D4 /* HelloWorldTests.swift in Sources */,
			);
			runOnlyForDeploymentPostprocessing = 0;
		};
		27D6069B1D6B5331000E69D4 /* Sources */ = {
			isa = PBXSourcesBuildPhase;
			buildActionMask = 2147483647;
			files = (
				27D606A41D6B5331000E69D4 /* HelloWorldUITests.swift in Sources */,
			);
			runOnlyForDeploymentPostprocessing = 0;
		};
/* End PBXSourcesBuildPhase section */

/* Begin PBXTargetDependency section */
		27D606961D6B5331000E69D4 /* PBXTargetDependency */ = {
			isa = PBXTargetDependency;
			target = 27D6067F1D6B5330000E69D4 /* HelloWorld */;
			targetProxy = 27D606951D6B5331000E69D4 /* PBXContainerItemProxy */;
		};
		27D606A11D6B5331000E69D4 /* PBXTargetDependency */ = {
			isa = PBXTargetDependency;
			target = 27D6067F1D6B5330000E69D4 /* HelloWorld */;
			targetProxy = 27D606A01D6B5331000E69D4 /* PBXContainerItemProxy */;
		};
/* End PBXTargetDependency section */

/* Begin PBXVariantGroup section */
		27D606871D6B5331000E69D4 /* Main.storyboard */ = {
			isa = PBXVariantGroup;
			children = (
				27D606881D6B5331000E69D4 /* Base */,
			);
			name = Main.storyboard;
			sourceTree = "<group>";
		};
		27D6068C1D6B5331000E69D4 /* LaunchScreen.storyboard */ = {
			isa = PBXVariantGroup;
			children = (
				27D6068D1D6B5331000E69D4 /* Base */,
			);
			name = LaunchScreen.storyboard;
			sourceTree = "<group>";
		};
/* End PBXVariantGroup section */

/* Begin XCBuildConfiguration section */
		27D606A61D6B5331000E69D4 /* Debug */ = {
			isa = XCBuildConfiguration;
			buildSettings = {
				ALWAYS_SEARCH_USER_PATHS = NO;
				CLANG_ANALYZER_NONNULL = YES;
				CLANG_CXX_LANGUAGE_STANDARD = "gnu++0x";
				CLANG_CXX_LIBRARY = "libc++";
				CLANG_ENABLE_MODULES = YES;
				CLANG_ENABLE_OBJC_ARC = YES;
				CLANG_WARN_BOOL_CONVERSION = YES;
				CLANG_WARN_CONSTANT_CONVERSION = YES;
				CLANG_WARN_DIRECT_OBJC_ISA_USAGE = YES_ERROR;
				CLANG_WARN_DOCUMENTATION_COMMENTS = YES;
				CLANG_WARN_EMPTY_BODY = YES;
				CLANG_WARN_ENUM_CONVERSION = YES;
				CLANG_WARN_INFINITE_RECURSION = YES;
				CLANG_WARN_INT_CONVERSION = YES;
				CLANG_WARN_OBJC_ROOT_CLASS = YES_ERROR;
				CLANG_WARN_SUSPICIOUS_MOVES = YES;
				CLANG_WARN_UNREACHABLE_CODE = YES;
				CLANG_WARN__DUPLICATE_METHOD_MATCH = YES;
				"CODE_SIGN_IDENTITY[sdk=iphoneos*]" = "iPhone Developer";
				COPY_PHASE_STRIP = NO;
				DEBUG_INFORMATION_FORMAT = dwarf;
				ENABLE_STRICT_OBJC_MSGSEND = YES;
				ENABLE_TESTABILITY = YES;
				GCC_C_LANGUAGE_STANDARD = gnu99;
				GCC_DYNAMIC_NO_PIC = NO;
				GCC_NO_COMMON_BLOCKS = YES;
				GCC_OPTIMIZATION_LEVEL = 0;
				GCC_PREPROCESSOR_DEFINITIONS = (
					"DEBUG=1",
					"$(inherited)",
				);
				GCC_WARN_64_TO_32_BIT_CONVERSION = YES;
				GCC_WARN_ABOUT_RETURN_TYPE = YES_ERROR;
				GCC_WARN_UNDECLARED_SELECTOR = YES;
				GCC_WARN_UNINITIALIZED_AUTOS = YES_AGGRESSIVE;
				GCC_WARN_UNUSED_FUNCTION = YES;
				GCC_WARN_UNUSED_VARIABLE = YES;
				IPHONEOS_DEPLOYMENT_TARGET = 10.0;
				MTL_ENABLE_DEBUG_INFO = YES;
				ONLY_ACTIVE_ARCH = YES;
				SDKROOT = iphoneos;
				SWIFT_ACTIVE_COMPILATION_CONDITIONS = DEBUG;
				SWIFT_OPTIMIZATION_LEVEL = "-Onone";
			};
			name = Debug;
		};
		27D606A71D6B5331000E69D4 /* Release */ = {
			isa = XCBuildConfiguration;
			buildSettings = {
				ALWAYS_SEARCH_USER_PATHS = NO;
				CLANG_ANALYZER_NONNULL = YES;
				CLANG_CXX_LANGUAGE_STANDARD = "gnu++0x";
				CLANG_CXX_LIBRARY = "libc++";
				CLANG_ENABLE_MODULES = YES;
				CLANG_ENABLE_OBJC_ARC = YES;
				CLANG_WARN_BOOL_CONVERSION = YES;
				CLANG_WARN_CONSTANT_CONVERSION = YES;
				CLANG_WARN_DIRECT_OBJC_ISA_USAGE = YES_ERROR;
				CLANG_WARN_DOCUMENTATION_COMMENTS = YES;
				CLANG_WARN_EMPTY_BODY = YES;
				CLANG_WARN_ENUM_CONVERSION = YES;
				CLANG_WARN_INFINITE_RECURSION = YES;
				CLANG_WARN_INT_CONVERSION = YES;
				CLANG_WARN_OBJC_ROOT_CLASS = YES_ERROR;
				CLANG_WARN_SUSPICIOUS_MOVES = YES;
				CLANG_WARN_UNREACHABLE_CODE = YES;
				CLANG_WARN__DUPLICATE_METHOD_MATCH = YES;
				"CODE_SIGN_IDENTITY[sdk=iphoneos*]" = "iPhone Developer";
				COPY_PHASE_STRIP = NO;
				DEBUG_INFORMATION_FORMAT = "dwarf-with-dsym";
				ENABLE_NS_ASSERTIONS = NO;
				ENABLE_STRICT_OBJC_MSGSEND = YES;
				GCC_C_LANGUAGE_STANDARD = gnu99;
				GCC_NO_COMMON_BLOCKS = YES;
				GCC_WARN_64_TO_32_BIT_CONVERSION = YES;
				GCC_WARN_ABOUT_RETURN_TYPE = YES_ERROR;
				GCC_WARN_UNDECLARED_SELECTOR = YES;
				GCC_WARN_UNINITIALIZED_AUTOS = YES_AGGRESSIVE;
				GCC_WARN_UNUSED_FUNCTION = YES;
				GCC_WARN_UNUSED_VARIABLE = YES;
				IPHONEOS_DEPLOYMENT_TARGET = 10.0;
				MTL_ENABLE_DEBUG_INFO = NO;
				SDKROOT = iphoneos;
				SWIFT_OPTIMIZATION_LEVEL = "-Owholemodule";
				VALIDATE_PRODUCT = YES;
			};
			name = Release;
		};
		27D606A91D6B5331000E69D4 /* Debug */ = {
			isa = XCBuildConfiguration;
			buildSettings = {
				ASSETCATALOG_COMPILER_APPICON_NAME = AppIcon;
				INFOPLIST_FILE = HelloWorld/Info.plist;
				LD_RUNPATH_SEARCH_PATHS = "$(inherited) @executable_path/Frameworks";
				PRODUCT_BUNDLE_IDENTIFIER = edu.regis.HelloWorld;
				PRODUCT_NAME = "$(TARGET_NAME)";
				SWIFT_VERSION = 3.0;
			};
			name = Debug;
		};
		27D606AA1D6B5331000E69D4 /* Release */ = {
			isa = XCBuildConfiguration;
			buildSettings = {
				ASSETCATALOG_COMPILER_APPICON_NAME = AppIcon;
				INFOPLIST_FILE = HelloWorld/Info.plist;
				LD_RUNPATH_SEARCH_PATHS = "$(inherited) @executable_path/Frameworks";
				PRODUCT_BUNDLE_IDENTIFIER = edu.regis.HelloWorld;
				PRODUCT_NAME = "$(TARGET_NAME)";
				SWIFT_VERSION = 3.0;
			};
			name = Release;
		};
		27D606AC1D6B5331000E69D4 /* Debug */ = {
			isa = XCBuildConfiguration;
			buildSettings = {
				ALWAYS_EMBED_SWIFT_STANDARD_LIBRARIES = YES;
				BUNDLE_LOADER = "$(TEST_HOST)";
				INFOPLIST_FILE = HelloWorldTests/Info.plist;
				LD_RUNPATH_SEARCH_PATHS = "$(inherited) @executable_path/Frameworks @loader_path/Frameworks";
				PRODUCT_BUNDLE_IDENTIFIER = edu.regis.HelloWorldTests;
				PRODUCT_NAME = "$(TARGET_NAME)";
				SWIFT_VERSION = 3.0;
				TEST_HOST = "$(BUILT_PRODUCTS_DIR)/HelloWorld.app/HelloWorld";
			};
			name = Debug;
		};
		27D606AD1D6B5331000E69D4 /* Release */ = {
			isa = XCBuildConfiguration;
			buildSettings = {
				ALWAYS_EMBED_SWIFT_STANDARD_LIBRARIES = YES;
				BUNDLE_LOADER = "$(TEST_HOST)";
				INFOPLIST_FILE = HelloWorldTests/Info.plist;
				LD_RUNPATH_SEARCH_PATHS = "$(inherited) @executable_path/Frameworks @loader_path/Frameworks";
				PRODUCT_BUNDLE_IDENTIFIER = edu.regis.HelloWorldTests;
				PRODUCT_NAME = "$(TARGET_NAME)";
				SWIFT_VERSION = 3.0;
				TEST_HOST = "$(BUILT_PRODUCTS_DIR)/HelloWorld.app/HelloWorld";
			};
			name = Release;
		};
		27D606AF1D6B5331000E69D4 /* Debug */ = {
			isa = XCBuildConfiguration;
			buildSettings = {
				ALWAYS_EMBED_SWIFT_STANDARD_LIBRARIES = YES;
				INFOPLIST_FILE = HelloWorldUITests/Info.plist;
				LD_RUNPATH_SEARCH_PATHS = "$(inherited) @executable_path/Frameworks @loader_path/Frameworks";
				PRODUCT_BUNDLE_IDENTIFIER = edu.regis.HelloWorldUITests;
				PRODUCT_NAME = "$(TARGET_NAME)";
				SWIFT_VERSION = 3.0;
				TEST_TARGET_NAME = HelloWorld;
			};
			name = Debug;
		};
		27D606B01D6B5331000E69D4 /* Release */ = {
			isa = XCBuildConfiguration;
			buildSettings = {
				ALWAYS_EMBED_SWIFT_STANDARD_LIBRARIES = YES;
				INFOPLIST_FILE = HelloWorldUITests/Info.plist;
				LD_RUNPATH_SEARCH_PATHS = "$(inherited) @executable_path/Frameworks @loader_path/Frameworks";
				PRODUCT_BUNDLE_IDENTIFIER = edu.regis.HelloWorldUITests;
				PRODUCT_NAME = "$(TARGET_NAME)";
				SWIFT_VERSION = 3.0;
				TEST_TARGET_NAME = HelloWorld;
			};
			name = Release;
		};
/* End XCBuildConfiguration section */

/* Begin XCConfigurationList section */
		27D6067B1D6B5330000E69D4 /* Build configuration list for PBXProject "HelloWorld" */ = {
			isa = XCConfigurationList;
			buildConfigurations = (
				27D606A61D6B5331000E69D4 /* Debug */,
				27D606A71D6B5331000E69D4 /* Release */,
			);
			defaultConfigurationIsVisible = 0;
			defaultConfigurationName = Release;
		};
		27D606A81D6B5331000E69D4 /* Build configuration list for PBXNativeTarget "HelloWorld" */ = {
			isa = XCConfigurationList;
			buildConfigurations = (
				27D606A91D6B5331000E69D4 /* Debug */,
				27D606AA1D6B5331000E69D4 /* Release */,
			);
			defaultConfigurationIsVisible = 0;
		};
		27D606AB1D6B5331000E69D4 /* Build configuration list for PBXNativeTarget "HelloWorldTests" */ = {
			isa = XCConfigurationList;
			buildConfigurations = (
				27D606AC1D6B5331000E69D4 /* Debug */,
				27D606AD1D6B5331000E69D4 /* Release */,
			);
			defaultConfigurationIsVisible = 0;
		};
		27D606AE1D6B5331000E69D4 /* Build configuration list for PBXNativeTarget "HelloWorldUITests" */ = {
			isa = XCConfigurationList;
			buildConfigurations = (
				27D606AF1D6B5331000E69D4 /* Debug */,
				27D606B01D6B5331000E69D4 /* Release */,
			);
			defaultConfigurationIsVisible = 0;
		};
/* End XCConfigurationList section */
	};
	rootObject = 27D606781D6B5330000E69D4 /* Project object */;
}
